// !$*UTF8*$!
{
	archiveVersion = 1;
	classes = {
	};
	objectVersion = 55;
	objects = {

/* Begin PBXBuildFile section */
		711D645928C9FB980094284A /* Date+Extensions.swift in Sources */ = {isa = PBXBuildFile; fileRef = 711D645828C9FB980094284A /* Date+Extensions.swift */; };
		711D645B28CA0A970094284A /* Services.swift in Sources */ = {isa = PBXBuildFile; fileRef = 711D645A28CA0A970094284A /* Services.swift */; };
		711D645E28CA24DA0094284A /* CollectionTableCell.swift in Sources */ = {isa = PBXBuildFile; fileRef = 711D645C28CA24DA0094284A /* CollectionTableCell.swift */; };
		711D645F28CA24DA0094284A /* CollectionTableCell.xib in Resources */ = {isa = PBXBuildFile; fileRef = 711D645D28CA24DA0094284A /* CollectionTableCell.xib */; };
		711D646328CA27360094284A /* InnerCollectionViewCell.swift in Sources */ = {isa = PBXBuildFile; fileRef = 711D646128CA27360094284A /* InnerCollectionViewCell.swift */; };
		711D646428CA27360094284A /* InnerCollectionViewCell.xib in Resources */ = {isa = PBXBuildFile; fileRef = 711D646228CA27360094284A /* InnerCollectionViewCell.xib */; };
		711E0CF928D072990014B831 /* Details.storyboard in Resources */ = {isa = PBXBuildFile; fileRef = 711E0CF828D072990014B831 /* Details.storyboard */; };
		711E0CFC28D0C3850014B831 /* MoviesListViewController.swift in Sources */ = {isa = PBXBuildFile; fileRef = 711E0CFB28D0C3850014B831 /* MoviesListViewController.swift */; };
		714C5B9128A0B6E500D0DD57 /* AppDelegate.swift in Sources */ = {isa = PBXBuildFile; fileRef = 714C5B9028A0B6E500D0DD57 /* AppDelegate.swift */; };
		714C5B9328A0B6E500D0DD57 /* SceneDelegate.swift in Sources */ = {isa = PBXBuildFile; fileRef = 714C5B9228A0B6E500D0DD57 /* SceneDelegate.swift */; };
		714C5B9528A0B6E500D0DD57 /* LandingViewController.swift in Sources */ = {isa = PBXBuildFile; fileRef = 714C5B9428A0B6E500D0DD57 /* LandingViewController.swift */; };
		714C5B9828A0B6E500D0DD57 /* Main.storyboard in Resources */ = {isa = PBXBuildFile; fileRef = 714C5B9628A0B6E500D0DD57 /* Main.storyboard */; };
		714C5B9A28A0B6EA00D0DD57 /* Assets.xcassets in Resources */ = {isa = PBXBuildFile; fileRef = 714C5B9928A0B6EA00D0DD57 /* Assets.xcassets */; };
		714C5B9D28A0B6EA00D0DD57 /* LaunchScreen.storyboard in Resources */ = {isa = PBXBuildFile; fileRef = 714C5B9B28A0B6EA00D0DD57 /* LaunchScreen.storyboard */; };
		714C5BA528A0B7D000D0DD57 /* SignUpViewController.swift in Sources */ = {isa = PBXBuildFile; fileRef = 714C5BA428A0B7D000D0DD57 /* SignUpViewController.swift */; };
		714C5BA728A0B7FB00D0DD57 /* LogInViewController.swift in Sources */ = {isa = PBXBuildFile; fileRef = 714C5BA628A0B7FB00D0DD57 /* LogInViewController.swift */; };
		714C5BA928A0B82400D0DD57 /* NewsViewController.swift in Sources */ = {isa = PBXBuildFile; fileRef = 714C5BA828A0B82400D0DD57 /* NewsViewController.swift */; };
		714C5BBA28A279F600D0DD57 /* UIViewController+Extensions.swift in Sources */ = {isa = PBXBuildFile; fileRef = 714C5BB928A279F600D0DD57 /* UIViewController+Extensions.swift */; };
		714C5BBD28A30A6A00D0DD57 /* UINavigationController+Navigations.swift in Sources */ = {isa = PBXBuildFile; fileRef = 714C5BBC28A30A6A00D0DD57 /* UINavigationController+Navigations.swift */; };
		714C5BBF28A3C43B00D0DD57 /* Validator.swift in Sources */ = {isa = PBXBuildFile; fileRef = 714C5BBE28A3C43B00D0DD57 /* Validator.swift */; };
		716425C828B742C800F7DC85 /* News.storyboard in Resources */ = {isa = PBXBuildFile; fileRef = 716425C728B742C800F7DC85 /* News.storyboard */; };
		716425CD28B7451500F7DC85 /* Auth.storyboard in Resources */ = {isa = PBXBuildFile; fileRef = 716425CB28B7451500F7DC85 /* Auth.storyboard */; };
		716425DA28B747E300F7DC85 /* Movies.storyboard in Resources */ = {isa = PBXBuildFile; fileRef = 716425D928B747E300F7DC85 /* Movies.storyboard */; };
		716425DC28B7481B00F7DC85 /* TV.storyboard in Resources */ = {isa = PBXBuildFile; fileRef = 716425DB28B7481B00F7DC85 /* TV.storyboard */; };
		716425DE28B7487000F7DC85 /* More.storyboard in Resources */ = {isa = PBXBuildFile; fileRef = 716425DD28B7487000F7DC85 /* More.storyboard */; };
		716425E228B75F3900F7DC85 /* UIStoryboard+Extensions.swift in Sources */ = {isa = PBXBuildFile; fileRef = 716425E128B75F3900F7DC85 /* UIStoryboard+Extensions.swift */; };
		71651EA228AA334B002263D3 /* Note.swift in Sources */ = {isa = PBXBuildFile; fileRef = 71651EA128AA334B002263D3 /* Note.swift */; };
		71651EA428AA5BB5002263D3 /* AppTheme.swift in Sources */ = {isa = PBXBuildFile; fileRef = 71651EA328AA5BB5002263D3 /* AppTheme.swift */; };
		71651EA728AA5CC9002263D3 /* ColorTheme.swift in Sources */ = {isa = PBXBuildFile; fileRef = 71651EA628AA5CC9002263D3 /* ColorTheme.swift */; };
		71651EA928AA5FB9002263D3 /* NewsAppColorTheme.swift in Sources */ = {isa = PBXBuildFile; fileRef = 71651EA828AA5FB9002263D3 /* NewsAppColorTheme.swift */; };
		71651EAB28AA6324002263D3 /* NewsAppTheme.swift in Sources */ = {isa = PBXBuildFile; fileRef = 71651EAA28AA6324002263D3 /* NewsAppTheme.swift */; };
		71651EAD28AB94E0002263D3 /* MoviesViewController.swift in Sources */ = {isa = PBXBuildFile; fileRef = 71651EAC28AB94E0002263D3 /* MoviesViewController.swift */; };
		71651EAF28AB94FB002263D3 /* TVViewController.swift in Sources */ = {isa = PBXBuildFile; fileRef = 71651EAE28AB94FB002263D3 /* TVViewController.swift */; };
		71651EB128AB959E002263D3 /* TabBarController.swift in Sources */ = {isa = PBXBuildFile; fileRef = 71651EB028AB959E002263D3 /* TabBarController.swift */; };
		71651EB428ABCD99002263D3 /* MoreViewController.swift in Sources */ = {isa = PBXBuildFile; fileRef = 71651EB328ABCD98002263D3 /* MoreViewController.swift */; };
		71651EB628ACD166002263D3 /* FontTheme.swift in Sources */ = {isa = PBXBuildFile; fileRef = 71651EB528ACD165002263D3 /* FontTheme.swift */; };
		71651EB828ACD265002263D3 /* NewsAppFontTheme.swift in Sources */ = {isa = PBXBuildFile; fileRef = 71651EB728ACD265002263D3 /* NewsAppFontTheme.swift */; };
		71807CC928B7873400715D9A /* UIView+Extensions.swift in Sources */ = {isa = PBXBuildFile; fileRef = 71807CC828B7873400715D9A /* UIView+Extensions.swift */; };
		71807CCE28BB991F00715D9A /* MoreTableViewController.swift in Sources */ = {isa = PBXBuildFile; fileRef = 71807CCD28BB991F00715D9A /* MoreTableViewController.swift */; };
		71807CD128BCAB7600715D9A /* MoreActions.swift in Sources */ = {isa = PBXBuildFile; fileRef = 71807CD028BCAB7600715D9A /* MoreActions.swift */; };
		71807CD628BCCA1B00715D9A /* FavouritesViewController.swift in Sources */ = {isa = PBXBuildFile; fileRef = 71807CD528BCCA1A00715D9A /* FavouritesViewController.swift */; };
		718A519928B4FA5D000ABB6B /* Animator.swift in Sources */ = {isa = PBXBuildFile; fileRef = 718A519828B4FA5D000ABB6B /* Animator.swift */; };
		719F2E6128B61FD60042A74C /* NewsController.swift in Sources */ = {isa = PBXBuildFile; fileRef = 719F2E6028B61FD60042A74C /* NewsController.swift */; };
		719F2E6428B662A70042A74C /* CustomNewsCell.swift in Sources */ = {isa = PBXBuildFile; fileRef = 719F2E6228B662A60042A74C /* CustomNewsCell.swift */; };
		719F2E6528B662A70042A74C /* CustomNewsCell.xib in Resources */ = {isa = PBXBuildFile; fileRef = 719F2E6328B662A60042A74C /* CustomNewsCell.xib */; };
		71B2307028CE9CDE006F4CEF /* CustomMoviesTableCell.swift in Sources */ = {isa = PBXBuildFile; fileRef = 71B2306E28CE9CDE006F4CEF /* CustomMoviesTableCell.swift */; };
		71B2307128CE9CDE006F4CEF /* CustomMoviesTableCell.xib in Resources */ = {isa = PBXBuildFile; fileRef = 71B2306F28CE9CDE006F4CEF /* CustomMoviesTableCell.xib */; };
		71B2307428CEA438006F4CEF /* MoviesModel.swift in Sources */ = {isa = PBXBuildFile; fileRef = 71B2307328CEA438006F4CEF /* MoviesModel.swift */; };
		71B2307728CEA896006F4CEF /* MoviesController.swift in Sources */ = {isa = PBXBuildFile; fileRef = 71B2307628CEA896006F4CEF /* MoviesController.swift */; };
		71B2307928CF5AF9006F4CEF /* NewsDetailsViewController.swift in Sources */ = {isa = PBXBuildFile; fileRef = 71B2307828CF5AF9006F4CEF /* NewsDetailsViewController.swift */; };
		71BD1C7828B2526500941978 /* NewsModel.swift in Sources */ = {isa = PBXBuildFile; fileRef = 71BD1C7728B2526500941978 /* NewsModel.swift */; };
		71CF2BE328C74CE4006A0CB6 /* APIErrors.swift in Sources */ = {isa = PBXBuildFile; fileRef = 71CF2BE228C74CE4006A0CB6 /* APIErrors.swift */; };
		71CF2BE728C76125006A0CB6 /* NetworkConnectivity.swift in Sources */ = {isa = PBXBuildFile; fileRef = 71CF2BE628C76125006A0CB6 /* NetworkConnectivity.swift */; };
		71CF2BED28C78C10006A0CB6 /* Secrets.swift in Sources */ = {isa = PBXBuildFile; fileRef = 71CF2BEC28C78C10006A0CB6 /* Secrets.swift */; };
		71DE149F28D368B5008BF2B1 /* MoviesDetailsViewController.swift in Sources */ = {isa = PBXBuildFile; fileRef = 71DE149E28D368B5008BF2B1 /* MoviesDetailsViewController.swift */; };
		71E1231028D85445007F2C03 /* Favourites.storyboard in Resources */ = {isa = PBXBuildFile; fileRef = 71E1230F28D85445007F2C03 /* Favourites.storyboard */; };
		71E7405A28D70B2700D80E8B /* String+Extentions.swift in Sources */ = {isa = PBXBuildFile; fileRef = 71E7405928D70B2700D80E8B /* String+Extentions.swift */; };
		71E7405C28D737CA00D80E8B /* CustomSegmentedControl.swift in Sources */ = {isa = PBXBuildFile; fileRef = 71E7405B28D737C900D80E8B /* CustomSegmentedControl.swift */; };
		71F60FEA28C88428005EE13D /* APIService.swift in Sources */ = {isa = PBXBuildFile; fileRef = 71F60FE928C88428005EE13D /* APIService.swift */; };
		71F73B5028CE8997000E41FE /* MovieSections.swift in Sources */ = {isa = PBXBuildFile; fileRef = 71F73B4F28CE8997000E41FE /* MovieSections.swift */; };
		71FA8C4F28A53A8700D3A75E /* AuthController.swift in Sources */ = {isa = PBXBuildFile; fileRef = 71FA8C4E28A53A8700D3A75E /* AuthController.swift */; };
		A307348E9AF2F72BE3E7A420 /* Pods_NewsApp.framework in Frameworks */ = {isa = PBXBuildFile; fileRef = 7E9D573A6768982D7542BC24 /* Pods_NewsApp.framework */; };
/* End PBXBuildFile section */

/* Begin PBXFileReference section */
		711D645828C9FB980094284A /* Date+Extensions.swift */ = {isa = PBXFileReference; lastKnownFileType = sourcecode.swift; path = "Date+Extensions.swift"; sourceTree = "<group>"; };
		711D645A28CA0A970094284A /* Services.swift */ = {isa = PBXFileReference; lastKnownFileType = sourcecode.swift; path = Services.swift; sourceTree = "<group>"; };
		711D645C28CA24DA0094284A /* CollectionTableCell.swift */ = {isa = PBXFileReference; lastKnownFileType = sourcecode.swift; path = CollectionTableCell.swift; sourceTree = "<group>"; };
		711D645D28CA24DA0094284A /* CollectionTableCell.xib */ = {isa = PBXFileReference; lastKnownFileType = file.xib; path = CollectionTableCell.xib; sourceTree = "<group>"; };
		711D646128CA27360094284A /* InnerCollectionViewCell.swift */ = {isa = PBXFileReference; lastKnownFileType = sourcecode.swift; path = InnerCollectionViewCell.swift; sourceTree = "<group>"; };
		711D646228CA27360094284A /* InnerCollectionViewCell.xib */ = {isa = PBXFileReference; lastKnownFileType = file.xib; path = InnerCollectionViewCell.xib; sourceTree = "<group>"; };
		711E0CF828D072990014B831 /* Details.storyboard */ = {isa = PBXFileReference; fileEncoding = 4; lastKnownFileType = file.storyboard; path = Details.storyboard; sourceTree = "<group>"; };
		711E0CFB28D0C3850014B831 /* MoviesListViewController.swift */ = {isa = PBXFileReference; lastKnownFileType = sourcecode.swift; path = MoviesListViewController.swift; sourceTree = "<group>"; };
		714C5B8D28A0B6E500D0DD57 /* NewsApp.app */ = {isa = PBXFileReference; explicitFileType = wrapper.application; includeInIndex = 0; path = NewsApp.app; sourceTree = BUILT_PRODUCTS_DIR; };
		714C5B9028A0B6E500D0DD57 /* AppDelegate.swift */ = {isa = PBXFileReference; lastKnownFileType = sourcecode.swift; path = AppDelegate.swift; sourceTree = "<group>"; };
		714C5B9228A0B6E500D0DD57 /* SceneDelegate.swift */ = {isa = PBXFileReference; lastKnownFileType = sourcecode.swift; path = SceneDelegate.swift; sourceTree = "<group>"; };
		714C5B9428A0B6E500D0DD57 /* LandingViewController.swift */ = {isa = PBXFileReference; lastKnownFileType = sourcecode.swift; path = LandingViewController.swift; sourceTree = "<group>"; };
		714C5B9728A0B6E500D0DD57 /* Base */ = {isa = PBXFileReference; lastKnownFileType = file.storyboard; name = Base; path = Base.lproj/Main.storyboard; sourceTree = "<group>"; };
		714C5B9928A0B6EA00D0DD57 /* Assets.xcassets */ = {isa = PBXFileReference; lastKnownFileType = folder.assetcatalog; path = Assets.xcassets; sourceTree = "<group>"; };
		714C5B9C28A0B6EA00D0DD57 /* Base */ = {isa = PBXFileReference; lastKnownFileType = file.storyboard; name = Base; path = Base.lproj/LaunchScreen.storyboard; sourceTree = "<group>"; };
		714C5B9E28A0B6EA00D0DD57 /* Info.plist */ = {isa = PBXFileReference; lastKnownFileType = text.plist.xml; path = Info.plist; sourceTree = "<group>"; };
		714C5BA428A0B7D000D0DD57 /* SignUpViewController.swift */ = {isa = PBXFileReference; lastKnownFileType = sourcecode.swift; path = SignUpViewController.swift; sourceTree = "<group>"; };
		714C5BA628A0B7FB00D0DD57 /* LogInViewController.swift */ = {isa = PBXFileReference; lastKnownFileType = sourcecode.swift; path = LogInViewController.swift; sourceTree = "<group>"; };
		714C5BA828A0B82400D0DD57 /* NewsViewController.swift */ = {isa = PBXFileReference; lastKnownFileType = sourcecode.swift; path = NewsViewController.swift; sourceTree = "<group>"; };
		714C5BB928A279F600D0DD57 /* UIViewController+Extensions.swift */ = {isa = PBXFileReference; lastKnownFileType = sourcecode.swift; path = "UIViewController+Extensions.swift"; sourceTree = "<group>"; };
		714C5BBC28A30A6A00D0DD57 /* UINavigationController+Navigations.swift */ = {isa = PBXFileReference; lastKnownFileType = sourcecode.swift; path = "UINavigationController+Navigations.swift"; sourceTree = "<group>"; };
		714C5BBE28A3C43B00D0DD57 /* Validator.swift */ = {isa = PBXFileReference; lastKnownFileType = sourcecode.swift; path = Validator.swift; sourceTree = "<group>"; };
		716425C728B742C800F7DC85 /* News.storyboard */ = {isa = PBXFileReference; lastKnownFileType = file.storyboard; path = News.storyboard; sourceTree = "<group>"; };
		716425CC28B7451500F7DC85 /* Base */ = {isa = PBXFileReference; lastKnownFileType = file.storyboard; name = Base; path = NewsApp/Views/Base.lproj/Auth.storyboard; sourceTree = SOURCE_ROOT; };
		716425D928B747E300F7DC85 /* Movies.storyboard */ = {isa = PBXFileReference; lastKnownFileType = file.storyboard; path = Movies.storyboard; sourceTree = "<group>"; };
		716425DB28B7481B00F7DC85 /* TV.storyboard */ = {isa = PBXFileReference; lastKnownFileType = file.storyboard; path = TV.storyboard; sourceTree = "<group>"; };
		716425DD28B7487000F7DC85 /* More.storyboard */ = {isa = PBXFileReference; lastKnownFileType = file.storyboard; path = More.storyboard; sourceTree = "<group>"; };
		716425E128B75F3900F7DC85 /* UIStoryboard+Extensions.swift */ = {isa = PBXFileReference; lastKnownFileType = sourcecode.swift; path = "UIStoryboard+Extensions.swift"; sourceTree = "<group>"; };
		71651EA128AA334B002263D3 /* Note.swift */ = {isa = PBXFileReference; lastKnownFileType = sourcecode.swift; path = Note.swift; sourceTree = "<group>"; };
		71651EA328AA5BB5002263D3 /* AppTheme.swift */ = {isa = PBXFileReference; lastKnownFileType = sourcecode.swift; path = AppTheme.swift; sourceTree = "<group>"; };
		71651EA628AA5CC9002263D3 /* ColorTheme.swift */ = {isa = PBXFileReference; lastKnownFileType = sourcecode.swift; path = ColorTheme.swift; sourceTree = "<group>"; };
		71651EA828AA5FB9002263D3 /* NewsAppColorTheme.swift */ = {isa = PBXFileReference; lastKnownFileType = sourcecode.swift; path = NewsAppColorTheme.swift; sourceTree = "<group>"; };
		71651EAA28AA6324002263D3 /* NewsAppTheme.swift */ = {isa = PBXFileReference; lastKnownFileType = sourcecode.swift; path = NewsAppTheme.swift; sourceTree = "<group>"; };
		71651EAC28AB94E0002263D3 /* MoviesViewController.swift */ = {isa = PBXFileReference; lastKnownFileType = sourcecode.swift; path = MoviesViewController.swift; sourceTree = "<group>"; };
		71651EAE28AB94FB002263D3 /* TVViewController.swift */ = {isa = PBXFileReference; lastKnownFileType = sourcecode.swift; path = TVViewController.swift; sourceTree = "<group>"; };
		71651EB028AB959E002263D3 /* TabBarController.swift */ = {isa = PBXFileReference; lastKnownFileType = sourcecode.swift; path = TabBarController.swift; sourceTree = "<group>"; };
		71651EB328ABCD98002263D3 /* MoreViewController.swift */ = {isa = PBXFileReference; lastKnownFileType = sourcecode.swift; path = MoreViewController.swift; sourceTree = "<group>"; };
		71651EB528ACD165002263D3 /* FontTheme.swift */ = {isa = PBXFileReference; lastKnownFileType = sourcecode.swift; path = FontTheme.swift; sourceTree = "<group>"; };
		71651EB728ACD265002263D3 /* NewsAppFontTheme.swift */ = {isa = PBXFileReference; lastKnownFileType = sourcecode.swift; path = NewsAppFontTheme.swift; sourceTree = "<group>"; };
		71807CC828B7873400715D9A /* UIView+Extensions.swift */ = {isa = PBXFileReference; lastKnownFileType = sourcecode.swift; path = "UIView+Extensions.swift"; sourceTree = "<group>"; };
		71807CCD28BB991F00715D9A /* MoreTableViewController.swift */ = {isa = PBXFileReference; lastKnownFileType = sourcecode.swift; path = MoreTableViewController.swift; sourceTree = "<group>"; };
		71807CD028BCAB7600715D9A /* MoreActions.swift */ = {isa = PBXFileReference; lastKnownFileType = sourcecode.swift; path = MoreActions.swift; sourceTree = "<group>"; };
		71807CD528BCCA1A00715D9A /* FavouritesViewController.swift */ = {isa = PBXFileReference; lastKnownFileType = sourcecode.swift; path = FavouritesViewController.swift; sourceTree = "<group>"; };
		718A519828B4FA5D000ABB6B /* Animator.swift */ = {isa = PBXFileReference; lastKnownFileType = sourcecode.swift; path = Animator.swift; sourceTree = "<group>"; };
		719F2E6028B61FD60042A74C /* NewsController.swift */ = {isa = PBXFileReference; lastKnownFileType = sourcecode.swift; path = NewsController.swift; sourceTree = "<group>"; };
		719F2E6228B662A60042A74C /* CustomNewsCell.swift */ = {isa = PBXFileReference; lastKnownFileType = sourcecode.swift; path = CustomNewsCell.swift; sourceTree = "<group>"; };
		719F2E6328B662A60042A74C /* CustomNewsCell.xib */ = {isa = PBXFileReference; lastKnownFileType = file.xib; path = CustomNewsCell.xib; sourceTree = "<group>"; };
		71B2306E28CE9CDE006F4CEF /* CustomMoviesTableCell.swift */ = {isa = PBXFileReference; fileEncoding = 4; lastKnownFileType = sourcecode.swift; path = CustomMoviesTableCell.swift; sourceTree = "<group>"; };
		71B2306F28CE9CDE006F4CEF /* CustomMoviesTableCell.xib */ = {isa = PBXFileReference; fileEncoding = 4; lastKnownFileType = file.xib; path = CustomMoviesTableCell.xib; sourceTree = "<group>"; };
		71B2307328CEA438006F4CEF /* MoviesModel.swift */ = {isa = PBXFileReference; lastKnownFileType = sourcecode.swift; path = MoviesModel.swift; sourceTree = "<group>"; };
		71B2307628CEA896006F4CEF /* MoviesController.swift */ = {isa = PBXFileReference; lastKnownFileType = sourcecode.swift; path = MoviesController.swift; sourceTree = "<group>"; };
		71B2307828CF5AF9006F4CEF /* NewsDetailsViewController.swift */ = {isa = PBXFileReference; lastKnownFileType = sourcecode.swift; path = NewsDetailsViewController.swift; sourceTree = "<group>"; };
		71BD1C7728B2526500941978 /* NewsModel.swift */ = {isa = PBXFileReference; lastKnownFileType = sourcecode.swift; path = NewsModel.swift; sourceTree = "<group>"; };
		71CF2BE228C74CE4006A0CB6 /* APIErrors.swift */ = {isa = PBXFileReference; lastKnownFileType = sourcecode.swift; path = APIErrors.swift; sourceTree = "<group>"; };
		71CF2BE628C76125006A0CB6 /* NetworkConnectivity.swift */ = {isa = PBXFileReference; lastKnownFileType = sourcecode.swift; path = NetworkConnectivity.swift; sourceTree = "<group>"; };
		71CF2BEC28C78C10006A0CB6 /* Secrets.swift */ = {isa = PBXFileReference; lastKnownFileType = sourcecode.swift; path = Secrets.swift; sourceTree = "<group>"; };
		71DE149E28D368B5008BF2B1 /* MoviesDetailsViewController.swift */ = {isa = PBXFileReference; lastKnownFileType = sourcecode.swift; path = MoviesDetailsViewController.swift; sourceTree = "<group>"; };
		71E1230F28D85445007F2C03 /* Favourites.storyboard */ = {isa = PBXFileReference; fileEncoding = 4; lastKnownFileType = file.storyboard; path = Favourites.storyboard; sourceTree = "<group>"; };
		71E7405928D70B2700D80E8B /* String+Extentions.swift */ = {isa = PBXFileReference; lastKnownFileType = sourcecode.swift; path = "String+Extentions.swift"; sourceTree = "<group>"; };
		71E7405B28D737C900D80E8B /* CustomSegmentedControl.swift */ = {isa = PBXFileReference; lastKnownFileType = sourcecode.swift; path = CustomSegmentedControl.swift; sourceTree = "<group>"; };
		71F60FE928C88428005EE13D /* APIService.swift */ = {isa = PBXFileReference; lastKnownFileType = sourcecode.swift; path = APIService.swift; sourceTree = "<group>"; };
		71F73B4F28CE8997000E41FE /* MovieSections.swift */ = {isa = PBXFileReference; lastKnownFileType = sourcecode.swift; path = MovieSections.swift; sourceTree = "<group>"; };
		71FA8C4E28A53A8700D3A75E /* AuthController.swift */ = {isa = PBXFileReference; lastKnownFileType = sourcecode.swift; path = AuthController.swift; sourceTree = "<group>"; };
		7E9D573A6768982D7542BC24 /* Pods_NewsApp.framework */ = {isa = PBXFileReference; explicitFileType = wrapper.framework; includeInIndex = 0; path = Pods_NewsApp.framework; sourceTree = BUILT_PRODUCTS_DIR; };
		B12B096490B3DBB935D0A0C8 /* Pods-NewsApp.debug.xcconfig */ = {isa = PBXFileReference; includeInIndex = 1; lastKnownFileType = text.xcconfig; name = "Pods-NewsApp.debug.xcconfig"; path = "Target Support Files/Pods-NewsApp/Pods-NewsApp.debug.xcconfig"; sourceTree = "<group>"; };
		F14305487B23304F01D3A1E5 /* Pods-NewsApp.release.xcconfig */ = {isa = PBXFileReference; includeInIndex = 1; lastKnownFileType = text.xcconfig; name = "Pods-NewsApp.release.xcconfig"; path = "Target Support Files/Pods-NewsApp/Pods-NewsApp.release.xcconfig"; sourceTree = "<group>"; };
/* End PBXFileReference section */

/* Begin PBXFrameworksBuildPhase section */
		714C5B8A28A0B6E500D0DD57 /* Frameworks */ = {
			isa = PBXFrameworksBuildPhase;
			buildActionMask = 2147483647;
			files = (
				A307348E9AF2F72BE3E7A420 /* Pods_NewsApp.framework in Frameworks */,
			);
			runOnlyForDeploymentPostprocessing = 0;
		};
/* End PBXFrameworksBuildPhase section */

/* Begin PBXGroup section */
		0191BFF8C8021AFEFF3FDB86 /* Frameworks */ = {
			isa = PBXGroup;
			children = (
				7E9D573A6768982D7542BC24 /* Pods_NewsApp.framework */,
			);
			name = Frameworks;
			sourceTree = "<group>";
		};
		711D646028CA24E20094284A /* Table Cells */ = {
			isa = PBXGroup;
			children = (
				711D646828CE1AFB0094284A /* CollectionTableCell */,
				711D646528CA273F0094284A /* Inner Collection Cell */,
				71B2306928CE999D006F4CEF /* RegularTableCell */,
			);
			path = "Table Cells";
			sourceTree = "<group>";
		};
		711D646528CA273F0094284A /* Inner Collection Cell */ = {
			isa = PBXGroup;
			children = (
				711D646128CA27360094284A /* InnerCollectionViewCell.swift */,
				711D646228CA27360094284A /* InnerCollectionViewCell.xib */,
			);
			path = "Inner Collection Cell";
			sourceTree = "<group>";
		};
		711D646828CE1AFB0094284A /* CollectionTableCell */ = {
			isa = PBXGroup;
			children = (
				711D645C28CA24DA0094284A /* CollectionTableCell.swift */,
				711D645D28CA24DA0094284A /* CollectionTableCell.xib */,
			);
			path = CollectionTableCell;
			sourceTree = "<group>";
		};
		711E0CF228D071610014B831 /* Details */ = {
			isa = PBXGroup;
			children = (
				711E0CF328D071730014B831 /* View Controllers */,
				711E0CFA28D072A80014B831 /* Views */,
			);
			path = Details;
			sourceTree = "<group>";
		};
		711E0CF328D071730014B831 /* View Controllers */ = {
			isa = PBXGroup;
			children = (
				71B2307828CF5AF9006F4CEF /* NewsDetailsViewController.swift */,
				71DE149E28D368B5008BF2B1 /* MoviesDetailsViewController.swift */,
			);
			path = "View Controllers";
			sourceTree = "<group>";
		};
		711E0CFA28D072A80014B831 /* Views */ = {
			isa = PBXGroup;
			children = (
				711E0CF828D072990014B831 /* Details.storyboard */,
			);
			path = Views;
			sourceTree = "<group>";
		};
		714C5B8428A0B6E500D0DD57 = {
			isa = PBXGroup;
			children = (
				714C5B8F28A0B6E500D0DD57 /* NewsApp */,
				714C5B8E28A0B6E500D0DD57 /* Products */,
				E8BBEF44EB6C6298192C99CB /* Pods */,
				0191BFF8C8021AFEFF3FDB86 /* Frameworks */,
			);
			sourceTree = "<group>";
		};
		714C5B8E28A0B6E500D0DD57 /* Products */ = {
			isa = PBXGroup;
			children = (
				714C5B8D28A0B6E500D0DD57 /* NewsApp.app */,
			);
			name = Products;
			sourceTree = "<group>";
		};
		714C5B8F28A0B6E500D0DD57 /* NewsApp */ = {
			isa = PBXGroup;
			children = (
				716425BD28B73E2200F7DC85 /* App Base */,
				716425BE28B73E3F00F7DC85 /* Features */,
				714C5B9B28A0B6EA00D0DD57 /* LaunchScreen.storyboard */,
				714C5BAD28A10BCA00D0DD57 /* Utilities */,
				714C5BBB28A279FE00D0DD57 /* Extensions */,
				714C5B9928A0B6EA00D0DD57 /* Assets.xcassets */,
				714C5B9E28A0B6EA00D0DD57 /* Info.plist */,
			);
			path = NewsApp;
			sourceTree = "<group>";
		};
		714C5BAD28A10BCA00D0DD57 /* Utilities */ = {
			isa = PBXGroup;
			children = (
				71651EA528AA5BBF002263D3 /* Theme */,
				71CF2BE828C78966006A0CB6 /* Error */,
				71CF2BE928C78977006A0CB6 /* Validation */,
				71CF2BEA28C789A0006A0CB6 /* Animation */,
				71651EA128AA334B002263D3 /* Note.swift */,
			);
			path = Utilities;
			sourceTree = "<group>";
		};
		714C5BB128A21A8300D0DD57 /* Models */ = {
			isa = PBXGroup;
			children = (
				71BD1C7728B2526500941978 /* NewsModel.swift */,
			);
			path = Models;
			sourceTree = "<group>";
		};
		714C5BBB28A279FE00D0DD57 /* Extensions */ = {
			isa = PBXGroup;
			children = (
				714C5BB928A279F600D0DD57 /* UIViewController+Extensions.swift */,
				714C5BBC28A30A6A00D0DD57 /* UINavigationController+Navigations.swift */,
				716425E128B75F3900F7DC85 /* UIStoryboard+Extensions.swift */,
				71807CC828B7873400715D9A /* UIView+Extensions.swift */,
				711D645828C9FB980094284A /* Date+Extensions.swift */,
				71E7405928D70B2700D80E8B /* String+Extentions.swift */,
			);
			path = Extensions;
			sourceTree = "<group>";
		};
		716425BD28B73E2200F7DC85 /* App Base */ = {
			isa = PBXGroup;
			children = (
				714C5B9028A0B6E500D0DD57 /* AppDelegate.swift */,
				714C5B9228A0B6E500D0DD57 /* SceneDelegate.swift */,
				71CF2BEC28C78C10006A0CB6 /* Secrets.swift */,
			);
			path = "App Base";
			sourceTree = "<group>";
		};
		716425BE28B73E3F00F7DC85 /* Features */ = {
			isa = PBXGroup;
			children = (
				716425BF28B73E9700F7DC85 /* Landing */,
				716425C028B73ECE00F7DC85 /* Auth */,
				716425C228B73F3000F7DC85 /* News */,
				716425D028B746B000F7DC85 /* Movies */,
				716425D128B746BA00F7DC85 /* TV */,
				711E0CF228D071610014B831 /* Details */,
				716425D228B746C500F7DC85 /* More */,
				71E1231128D8554B007F2C03 /* Favourites */,
				71651EB228AB95B2002263D3 /* Shared */,
			);
			path = Features;
			sourceTree = "<group>";
		};
		716425BF28B73E9700F7DC85 /* Landing */ = {
			isa = PBXGroup;
			children = (
				716425CE28B745CC00F7DC85 /* View Controllers */,
				716425CF28B745D600F7DC85 /* Views */,
			);
			path = Landing;
			sourceTree = "<group>";
		};
		716425C028B73ECE00F7DC85 /* Auth */ = {
			isa = PBXGroup;
			children = (
				71FA8C5028A53A8D00D3A75E /* Controllers */,
				716425C928B743D800F7DC85 /* View Controllers */,
				716425CA28B7440B00F7DC85 /* Views */,
			);
			path = Auth;
			sourceTree = "<group>";
		};
		716425C228B73F3000F7DC85 /* News */ = {
			isa = PBXGroup;
			children = (
				714C5BB128A21A8300D0DD57 /* Models */,
				716425C328B73FB000F7DC85 /* Controllers */,
				716425C528B7406B00F7DC85 /* View Controllers */,
				716425C428B7404300F7DC85 /* Views */,
				716425C628B740E100F7DC85 /* Table Cells */,
			);
			path = News;
			sourceTree = "<group>";
		};
		716425C328B73FB000F7DC85 /* Controllers */ = {
			isa = PBXGroup;
			children = (
				719F2E6028B61FD60042A74C /* NewsController.swift */,
			);
			path = Controllers;
			sourceTree = "<group>";
		};
		716425C428B7404300F7DC85 /* Views */ = {
			isa = PBXGroup;
			children = (
				716425C728B742C800F7DC85 /* News.storyboard */,
			);
			path = Views;
			sourceTree = "<group>";
		};
		716425C528B7406B00F7DC85 /* View Controllers */ = {
			isa = PBXGroup;
			children = (
				714C5BA828A0B82400D0DD57 /* NewsViewController.swift */,
			);
			path = "View Controllers";
			sourceTree = "<group>";
		};
		716425C628B740E100F7DC85 /* Table Cells */ = {
			isa = PBXGroup;
			children = (
				719F2E6228B662A60042A74C /* CustomNewsCell.swift */,
				719F2E6328B662A60042A74C /* CustomNewsCell.xib */,
			);
			path = "Table Cells";
			sourceTree = "<group>";
		};
		716425C928B743D800F7DC85 /* View Controllers */ = {
			isa = PBXGroup;
			children = (
				714C5BA428A0B7D000D0DD57 /* SignUpViewController.swift */,
				714C5BA628A0B7FB00D0DD57 /* LogInViewController.swift */,
			);
			path = "View Controllers";
			sourceTree = "<group>";
		};
		716425CA28B7440B00F7DC85 /* Views */ = {
			isa = PBXGroup;
			children = (
				716425CB28B7451500F7DC85 /* Auth.storyboard */,
			);
			path = Views;
			sourceTree = "<group>";
		};
		716425CE28B745CC00F7DC85 /* View Controllers */ = {
			isa = PBXGroup;
			children = (
				714C5B9428A0B6E500D0DD57 /* LandingViewController.swift */,
			);
			path = "View Controllers";
			sourceTree = "<group>";
		};
		716425CF28B745D600F7DC85 /* Views */ = {
			isa = PBXGroup;
			children = (
				714C5B9628A0B6E500D0DD57 /* Main.storyboard */,
			);
			path = Views;
			sourceTree = "<group>";
		};
		716425D028B746B000F7DC85 /* Movies */ = {
			isa = PBXGroup;
			children = (
				71B2307228CE9F0F006F4CEF /* Models */,
				71B2307528CEA86B006F4CEF /* Controllers */,
				716425D328B746E800F7DC85 /* View Controllers */,
				716425D428B746F600F7DC85 /* Views */,
				711D646028CA24E20094284A /* Table Cells */,
			);
			path = Movies;
			sourceTree = "<group>";
		};
		716425D128B746BA00F7DC85 /* TV */ = {
			isa = PBXGroup;
			children = (
				716425D528B7472000F7DC85 /* View Controllers */,
				716425D628B7473700F7DC85 /* Views */,
			);
			path = TV;
			sourceTree = "<group>";
		};
		716425D228B746C500F7DC85 /* More */ = {
			isa = PBXGroup;
			children = (
				71807CD228BCABE500715D9A /* Models */,
				716425D728B7474C00F7DC85 /* View Controllers */,
				716425D828B7475A00F7DC85 /* Views */,
				71807CCF28BBA2F100715D9A /* Table View Controllers */,
			);
			path = More;
			sourceTree = "<group>";
		};
		716425D328B746E800F7DC85 /* View Controllers */ = {
			isa = PBXGroup;
			children = (
				71651EAC28AB94E0002263D3 /* MoviesViewController.swift */,
				711E0CFB28D0C3850014B831 /* MoviesListViewController.swift */,
			);
			path = "View Controllers";
			sourceTree = "<group>";
		};
		716425D428B746F600F7DC85 /* Views */ = {
			isa = PBXGroup;
			children = (
				716425D928B747E300F7DC85 /* Movies.storyboard */,
			);
			path = Views;
			sourceTree = "<group>";
		};
		716425D528B7472000F7DC85 /* View Controllers */ = {
			isa = PBXGroup;
			children = (
				71651EAE28AB94FB002263D3 /* TVViewController.swift */,
			);
			path = "View Controllers";
			sourceTree = "<group>";
		};
		716425D628B7473700F7DC85 /* Views */ = {
			isa = PBXGroup;
			children = (
				716425DB28B7481B00F7DC85 /* TV.storyboard */,
			);
			path = Views;
			sourceTree = "<group>";
		};
		716425D728B7474C00F7DC85 /* View Controllers */ = {
			isa = PBXGroup;
			children = (
				71651EB328ABCD98002263D3 /* MoreViewController.swift */,
			);
			path = "View Controllers";
			sourceTree = "<group>";
		};
		716425D828B7475A00F7DC85 /* Views */ = {
			isa = PBXGroup;
			children = (
				716425DD28B7487000F7DC85 /* More.storyboard */,
			);
			path = Views;
			sourceTree = "<group>";
		};
		71651EA528AA5BBF002263D3 /* Theme */ = {
			isa = PBXGroup;
			children = (
				71651EA328AA5BB5002263D3 /* AppTheme.swift */,
				71651EAA28AA6324002263D3 /* NewsAppTheme.swift */,
				71651EB928ACE1E8002263D3 /* Colors */,
				71651EBA28ACE1F7002263D3 /* Fonts */,
			);
			path = Theme;
			sourceTree = "<group>";
		};
		71651EB228AB95B2002263D3 /* Shared */ = {
			isa = PBXGroup;
			children = (
				71CF2BEB28C78A2C006A0CB6 /* Network Calls */,
				71F60FEB28C8B4A7005EE13D /* Bottom Tab Bar */,
				71E1231428D855AC007F2C03 /* Segmented Control */,
			);
			path = Shared;
			sourceTree = "<group>";
		};
		71651EB928ACE1E8002263D3 /* Colors */ = {
			isa = PBXGroup;
			children = (
				71651EA628AA5CC9002263D3 /* ColorTheme.swift */,
				71651EA828AA5FB9002263D3 /* NewsAppColorTheme.swift */,
			);
			path = Colors;
			sourceTree = "<group>";
		};
		71651EBA28ACE1F7002263D3 /* Fonts */ = {
			isa = PBXGroup;
			children = (
				71651EB528ACD165002263D3 /* FontTheme.swift */,
				71651EB728ACD265002263D3 /* NewsAppFontTheme.swift */,
			);
			path = Fonts;
			sourceTree = "<group>";
		};
		71807CCF28BBA2F100715D9A /* Table View Controllers */ = {
			isa = PBXGroup;
			children = (
				71807CCD28BB991F00715D9A /* MoreTableViewController.swift */,
			);
			path = "Table View Controllers";
			sourceTree = "<group>";
		};
		71807CD228BCABE500715D9A /* Models */ = {
			isa = PBXGroup;
			children = (
				71807CD028BCAB7600715D9A /* MoreActions.swift */,
			);
			path = Models;
			sourceTree = "<group>";
		};
		71B2306928CE999D006F4CEF /* RegularTableCell */ = {
			isa = PBXGroup;
			children = (
				71B2306E28CE9CDE006F4CEF /* CustomMoviesTableCell.swift */,
				71B2306F28CE9CDE006F4CEF /* CustomMoviesTableCell.xib */,
			);
			path = RegularTableCell;
			sourceTree = "<group>";
		};
		71B2307228CE9F0F006F4CEF /* Models */ = {
			isa = PBXGroup;
			children = (
				71B2307328CEA438006F4CEF /* MoviesModel.swift */,
				71F73B4F28CE8997000E41FE /* MovieSections.swift */,
			);
			path = Models;
			sourceTree = "<group>";
		};
		71B2307528CEA86B006F4CEF /* Controllers */ = {
			isa = PBXGroup;
			children = (
				71B2307628CEA896006F4CEF /* MoviesController.swift */,
			);
			path = Controllers;
			sourceTree = "<group>";
		};
		71CF2BE828C78966006A0CB6 /* Error */ = {
			isa = PBXGroup;
			children = (
				71CF2BE228C74CE4006A0CB6 /* APIErrors.swift */,
			);
			path = Error;
			sourceTree = "<group>";
		};
		71CF2BE928C78977006A0CB6 /* Validation */ = {
			isa = PBXGroup;
			children = (
				714C5BBE28A3C43B00D0DD57 /* Validator.swift */,
			);
			path = Validation;
			sourceTree = "<group>";
		};
		71CF2BEA28C789A0006A0CB6 /* Animation */ = {
			isa = PBXGroup;
			children = (
				718A519828B4FA5D000ABB6B /* Animator.swift */,
			);
			path = Animation;
			sourceTree = "<group>";
		};
		71CF2BEB28C78A2C006A0CB6 /* Network Calls */ = {
			isa = PBXGroup;
			children = (
				71F60FE928C88428005EE13D /* APIService.swift */,
				711D645A28CA0A970094284A /* Services.swift */,
				71CF2BE628C76125006A0CB6 /* NetworkConnectivity.swift */,
			);
			path = "Network Calls";
			sourceTree = "<group>";
		};
		71E1231128D8554B007F2C03 /* Favourites */ = {
			isa = PBXGroup;
			children = (
				71E1231228D85559007F2C03 /* View Controllers */,
				71E1231328D85565007F2C03 /* Views */,
			);
			path = Favourites;
			sourceTree = "<group>";
		};
		71E1231228D85559007F2C03 /* View Controllers */ = {
			isa = PBXGroup;
			children = (
				71807CD528BCCA1A00715D9A /* FavouritesViewController.swift */,
			);
			path = "View Controllers";
			sourceTree = "<group>";
		};
		71E1231328D85565007F2C03 /* Views */ = {
			isa = PBXGroup;
			children = (
				71E1230F28D85445007F2C03 /* Favourites.storyboard */,
			);
			path = Views;
			sourceTree = "<group>";
		};
		71E1231428D855AC007F2C03 /* Segmented Control */ = {
			isa = PBXGroup;
			children = (
				71E7405B28D737C900D80E8B /* CustomSegmentedControl.swift */,
			);
			path = "Segmented Control";
			sourceTree = "<group>";
		};
		71F60FEB28C8B4A7005EE13D /* Bottom Tab Bar */ = {
			isa = PBXGroup;
			children = (
				71651EB028AB959E002263D3 /* TabBarController.swift */,
			);
			path = "Bottom Tab Bar";
			sourceTree = "<group>";
		};
		71FA8C5028A53A8D00D3A75E /* Controllers */ = {
			isa = PBXGroup;
			children = (
				71FA8C4E28A53A8700D3A75E /* AuthController.swift */,
			);
			path = Controllers;
			sourceTree = "<group>";
		};
		E8BBEF44EB6C6298192C99CB /* Pods */ = {
			isa = PBXGroup;
			children = (
				B12B096490B3DBB935D0A0C8 /* Pods-NewsApp.debug.xcconfig */,
				F14305487B23304F01D3A1E5 /* Pods-NewsApp.release.xcconfig */,
			);
			path = Pods;
			sourceTree = "<group>";
		};
/* End PBXGroup section */

/* Begin PBXNativeTarget section */
		714C5B8C28A0B6E500D0DD57 /* NewsApp */ = {
			isa = PBXNativeTarget;
			buildConfigurationList = 714C5BA128A0B6EA00D0DD57 /* Build configuration list for PBXNativeTarget "NewsApp" */;
			buildPhases = (
				97E6259BA2F814C8017C4DC2 /* [CP] Check Pods Manifest.lock */,
				714C5B8928A0B6E500D0DD57 /* Sources */,
				714C5B8A28A0B6E500D0DD57 /* Frameworks */,
				714C5B8B28A0B6E500D0DD57 /* Resources */,
				454FB645B47EDAF8AE46DEBD /* [CP] Embed Pods Frameworks */,
			);
			buildRules = (
			);
			dependencies = (
			);
			name = NewsApp;
			productName = NewsApp;
			productReference = 714C5B8D28A0B6E500D0DD57 /* NewsApp.app */;
			productType = "com.apple.product-type.application";
		};
/* End PBXNativeTarget section */

/* Begin PBXProject section */
		714C5B8528A0B6E500D0DD57 /* Project object */ = {
			isa = PBXProject;
			attributes = {
				BuildIndependentTargetsInParallel = 1;
				LastSwiftUpdateCheck = 1330;
				LastUpgradeCheck = 1330;
				TargetAttributes = {
					714C5B8C28A0B6E500D0DD57 = {
						CreatedOnToolsVersion = 13.3;
					};
				};
			};
			buildConfigurationList = 714C5B8828A0B6E500D0DD57 /* Build configuration list for PBXProject "NewsApp" */;
			compatibilityVersion = "Xcode 13.0";
			developmentRegion = en;
			hasScannedForEncodings = 0;
			knownRegions = (
				en,
				Base,
			);
			mainGroup = 714C5B8428A0B6E500D0DD57;
			productRefGroup = 714C5B8E28A0B6E500D0DD57 /* Products */;
			projectDirPath = "";
			projectRoot = "";
			targets = (
				714C5B8C28A0B6E500D0DD57 /* NewsApp */,
			);
		};
/* End PBXProject section */

/* Begin PBXResourcesBuildPhase section */
		714C5B8B28A0B6E500D0DD57 /* Resources */ = {
			isa = PBXResourcesBuildPhase;
			buildActionMask = 2147483647;
			files = (
				716425CD28B7451500F7DC85 /* Auth.storyboard in Resources */,
				711E0CF928D072990014B831 /* Details.storyboard in Resources */,
				716425DE28B7487000F7DC85 /* More.storyboard in Resources */,
				714C5B9D28A0B6EA00D0DD57 /* LaunchScreen.storyboard in Resources */,
				714C5B9A28A0B6EA00D0DD57 /* Assets.xcassets in Resources */,
				716425C828B742C800F7DC85 /* News.storyboard in Resources */,
				711D645F28CA24DA0094284A /* CollectionTableCell.xib in Resources */,
				714C5B9828A0B6E500D0DD57 /* Main.storyboard in Resources */,
				716425DA28B747E300F7DC85 /* Movies.storyboard in Resources */,
				71B2307128CE9CDE006F4CEF /* CustomMoviesTableCell.xib in Resources */,
				71E1231028D85445007F2C03 /* Favourites.storyboard in Resources */,
				716425DC28B7481B00F7DC85 /* TV.storyboard in Resources */,
				711D646428CA27360094284A /* InnerCollectionViewCell.xib in Resources */,
				719F2E6528B662A70042A74C /* CustomNewsCell.xib in Resources */,
			);
			runOnlyForDeploymentPostprocessing = 0;
		};
/* End PBXResourcesBuildPhase section */

/* Begin PBXShellScriptBuildPhase section */
		454FB645B47EDAF8AE46DEBD /* [CP] Embed Pods Frameworks */ = {
			isa = PBXShellScriptBuildPhase;
			buildActionMask = 2147483647;
			files = (
			);
			inputFileListPaths = (
				"${PODS_ROOT}/Target Support Files/Pods-NewsApp/Pods-NewsApp-frameworks-${CONFIGURATION}-input-files.xcfilelist",
			);
			name = "[CP] Embed Pods Frameworks";
			outputFileListPaths = (
				"${PODS_ROOT}/Target Support Files/Pods-NewsApp/Pods-NewsApp-frameworks-${CONFIGURATION}-output-files.xcfilelist",
			);
			runOnlyForDeploymentPostprocessing = 0;
			shellPath = /bin/sh;
			shellScript = "\"${PODS_ROOT}/Target Support Files/Pods-NewsApp/Pods-NewsApp-frameworks.sh\"\n";
			showEnvVarsInLog = 0;
		};
		97E6259BA2F814C8017C4DC2 /* [CP] Check Pods Manifest.lock */ = {
			isa = PBXShellScriptBuildPhase;
			buildActionMask = 2147483647;
			files = (
			);
			inputFileListPaths = (
			);
			inputPaths = (
				"${PODS_PODFILE_DIR_PATH}/Podfile.lock",
				"${PODS_ROOT}/Manifest.lock",
			);
			name = "[CP] Check Pods Manifest.lock";
			outputFileListPaths = (
			);
			outputPaths = (
				"$(DERIVED_FILE_DIR)/Pods-NewsApp-checkManifestLockResult.txt",
			);
			runOnlyForDeploymentPostprocessing = 0;
			shellPath = /bin/sh;
			shellScript = "diff \"${PODS_PODFILE_DIR_PATH}/Podfile.lock\" \"${PODS_ROOT}/Manifest.lock\" > /dev/null\nif [ $? != 0 ] ; then\n    # print error to STDERR\n    echo \"error: The sandbox is not in sync with the Podfile.lock. Run 'pod install' or update your CocoaPods installation.\" >&2\n    exit 1\nfi\n# This output is used by Xcode 'outputs' to avoid re-running this script phase.\necho \"SUCCESS\" > \"${SCRIPT_OUTPUT_FILE_0}\"\n";
			showEnvVarsInLog = 0;
		};
/* End PBXShellScriptBuildPhase section */

/* Begin PBXSourcesBuildPhase section */
		714C5B8928A0B6E500D0DD57 /* Sources */ = {
			isa = PBXSourcesBuildPhase;
			buildActionMask = 2147483647;
			files = (
				71651EB428ABCD99002263D3 /* MoreViewController.swift in Sources */,
				71F60FEA28C88428005EE13D /* APIService.swift in Sources */,
				714C5B9528A0B6E500D0DD57 /* LandingViewController.swift in Sources */,
				71FA8C4F28A53A8700D3A75E /* AuthController.swift in Sources */,
				71807CC928B7873400715D9A /* UIView+Extensions.swift in Sources */,
				71651EA928AA5FB9002263D3 /* NewsAppColorTheme.swift in Sources */,
				71CF2BED28C78C10006A0CB6 /* Secrets.swift in Sources */,
				71807CD128BCAB7600715D9A /* MoreActions.swift in Sources */,
				718A519928B4FA5D000ABB6B /* Animator.swift in Sources */,
				719F2E6128B61FD60042A74C /* NewsController.swift in Sources */,
				71CF2BE328C74CE4006A0CB6 /* APIErrors.swift in Sources */,
				711E0CFC28D0C3850014B831 /* MoviesListViewController.swift in Sources */,
				714C5BBD28A30A6A00D0DD57 /* UINavigationController+Navigations.swift in Sources */,
				71E7405A28D70B2700D80E8B /* String+Extentions.swift in Sources */,
				714C5B9128A0B6E500D0DD57 /* AppDelegate.swift in Sources */,
				719F2E6428B662A70042A74C /* CustomNewsCell.swift in Sources */,
				71B2307728CEA896006F4CEF /* MoviesController.swift in Sources */,
				71807CCE28BB991F00715D9A /* MoreTableViewController.swift in Sources */,
				71CF2BE728C76125006A0CB6 /* NetworkConnectivity.swift in Sources */,
				71651EB828ACD265002263D3 /* NewsAppFontTheme.swift in Sources */,
				716425E228B75F3900F7DC85 /* UIStoryboard+Extensions.swift in Sources */,
				711D645E28CA24DA0094284A /* CollectionTableCell.swift in Sources */,
				71651EA228AA334B002263D3 /* Note.swift in Sources */,
				71651EA728AA5CC9002263D3 /* ColorTheme.swift in Sources */,
				71F73B5028CE8997000E41FE /* MovieSections.swift in Sources */,
				714C5BBF28A3C43B00D0DD57 /* Validator.swift in Sources */,
				71651EA428AA5BB5002263D3 /* AppTheme.swift in Sources */,
				71807CD628BCCA1B00715D9A /* FavouritesViewController.swift in Sources */,
				71651EAD28AB94E0002263D3 /* MoviesViewController.swift in Sources */,
				71B2307928CF5AF9006F4CEF /* NewsDetailsViewController.swift in Sources */,
				711D646328CA27360094284A /* InnerCollectionViewCell.swift in Sources */,
				71651EAB28AA6324002263D3 /* NewsAppTheme.swift in Sources */,
				71E7405C28D737CA00D80E8B /* CustomSegmentedControl.swift in Sources */,
				71B2307028CE9CDE006F4CEF /* CustomMoviesTableCell.swift in Sources */,
				711D645B28CA0A970094284A /* Services.swift in Sources */,
				714C5BA528A0B7D000D0DD57 /* SignUpViewController.swift in Sources */,
				71651EB628ACD166002263D3 /* FontTheme.swift in Sources */,
				71651EB128AB959E002263D3 /* TabBarController.swift in Sources */,
				711D645928C9FB980094284A /* Date+Extensions.swift in Sources */,
				71B2307428CEA438006F4CEF /* MoviesModel.swift in Sources */,
				714C5BBA28A279F600D0DD57 /* UIViewController+Extensions.swift in Sources */,
				71BD1C7828B2526500941978 /* NewsModel.swift in Sources */,
				714C5BA728A0B7FB00D0DD57 /* LogInViewController.swift in Sources */,
				71651EAF28AB94FB002263D3 /* TVViewController.swift in Sources */,
				714C5B9328A0B6E500D0DD57 /* SceneDelegate.swift in Sources */,
				71DE149F28D368B5008BF2B1 /* MoviesDetailsViewController.swift in Sources */,
				714C5BA928A0B82400D0DD57 /* NewsViewController.swift in Sources */,
			);
			runOnlyForDeploymentPostprocessing = 0;
		};
/* End PBXSourcesBuildPhase section */

/* Begin PBXVariantGroup section */
		714C5B9628A0B6E500D0DD57 /* Main.storyboard */ = {
			isa = PBXVariantGroup;
			children = (
				714C5B9728A0B6E500D0DD57 /* Base */,
			);
			name = Main.storyboard;
			sourceTree = "<group>";
		};
		714C5B9B28A0B6EA00D0DD57 /* LaunchScreen.storyboard */ = {
			isa = PBXVariantGroup;
			children = (
				714C5B9C28A0B6EA00D0DD57 /* Base */,
			);
			name = LaunchScreen.storyboard;
			sourceTree = "<group>";
		};
		716425CB28B7451500F7DC85 /* Auth.storyboard */ = {
			isa = PBXVariantGroup;
			children = (
				716425CC28B7451500F7DC85 /* Base */,
			);
			name = Auth.storyboard;
			sourceTree = "<group>";
		};
/* End PBXVariantGroup section */

/* Begin XCBuildConfiguration section */
		714C5B9F28A0B6EA00D0DD57 /* Debug */ = {
			isa = XCBuildConfiguration;
			buildSettings = {
				ALWAYS_SEARCH_USER_PATHS = NO;
				CLANG_ANALYZER_NONNULL = YES;
				CLANG_ANALYZER_NUMBER_OBJECT_CONVERSION = YES_AGGRESSIVE;
				CLANG_CXX_LANGUAGE_STANDARD = "gnu++17";
				CLANG_ENABLE_MODULES = YES;
				CLANG_ENABLE_OBJC_ARC = YES;
				CLANG_ENABLE_OBJC_WEAK = YES;
				CLANG_WARN_BLOCK_CAPTURE_AUTORELEASING = YES;
				CLANG_WARN_BOOL_CONVERSION = YES;
				CLANG_WARN_COMMA = YES;
				CLANG_WARN_CONSTANT_CONVERSION = YES;
				CLANG_WARN_DEPRECATED_OBJC_IMPLEMENTATIONS = YES;
				CLANG_WARN_DIRECT_OBJC_ISA_USAGE = YES_ERROR;
				CLANG_WARN_DOCUMENTATION_COMMENTS = YES;
				CLANG_WARN_EMPTY_BODY = YES;
				CLANG_WARN_ENUM_CONVERSION = YES;
				CLANG_WARN_INFINITE_RECURSION = YES;
				CLANG_WARN_INT_CONVERSION = YES;
				CLANG_WARN_NON_LITERAL_NULL_CONVERSION = YES;
				CLANG_WARN_OBJC_IMPLICIT_RETAIN_SELF = YES;
				CLANG_WARN_OBJC_LITERAL_CONVERSION = YES;
				CLANG_WARN_OBJC_ROOT_CLASS = YES_ERROR;
				CLANG_WARN_QUOTED_INCLUDE_IN_FRAMEWORK_HEADER = YES;
				CLANG_WARN_RANGE_LOOP_ANALYSIS = YES;
				CLANG_WARN_STRICT_PROTOTYPES = YES;
				CLANG_WARN_SUSPICIOUS_MOVE = YES;
				CLANG_WARN_UNGUARDED_AVAILABILITY = YES_AGGRESSIVE;
				CLANG_WARN_UNREACHABLE_CODE = YES;
				CLANG_WARN__DUPLICATE_METHOD_MATCH = YES;
				COPY_PHASE_STRIP = NO;
				DEBUG_INFORMATION_FORMAT = dwarf;
				ENABLE_STRICT_OBJC_MSGSEND = YES;
				ENABLE_TESTABILITY = YES;
				GCC_C_LANGUAGE_STANDARD = gnu11;
				GCC_DYNAMIC_NO_PIC = NO;
				GCC_NO_COMMON_BLOCKS = YES;
				GCC_OPTIMIZATION_LEVEL = 0;
				GCC_PREPROCESSOR_DEFINITIONS = (
					"DEBUG=1",
					"$(inherited)",
				);
				GCC_WARN_64_TO_32_BIT_CONVERSION = YES;
				GCC_WARN_ABOUT_RETURN_TYPE = YES_ERROR;
				GCC_WARN_UNDECLARED_SELECTOR = YES;
				GCC_WARN_UNINITIALIZED_AUTOS = YES_AGGRESSIVE;
				GCC_WARN_UNUSED_FUNCTION = YES;
				GCC_WARN_UNUSED_VARIABLE = YES;
				IPHONEOS_DEPLOYMENT_TARGET = 15.4;
				MTL_ENABLE_DEBUG_INFO = INCLUDE_SOURCE;
				MTL_FAST_MATH = YES;
				ONLY_ACTIVE_ARCH = YES;
				SDKROOT = iphoneos;
				SWIFT_ACTIVE_COMPILATION_CONDITIONS = DEBUG;
				SWIFT_OPTIMIZATION_LEVEL = "-Onone";
			};
			name = Debug;
		};
		714C5BA028A0B6EA00D0DD57 /* Release */ = {
			isa = XCBuildConfiguration;
			buildSettings = {
				ALWAYS_SEARCH_USER_PATHS = NO;
				CLANG_ANALYZER_NONNULL = YES;
				CLANG_ANALYZER_NUMBER_OBJECT_CONVERSION = YES_AGGRESSIVE;
				CLANG_CXX_LANGUAGE_STANDARD = "gnu++17";
				CLANG_ENABLE_MODULES = YES;
				CLANG_ENABLE_OBJC_ARC = YES;
				CLANG_ENABLE_OBJC_WEAK = YES;
				CLANG_WARN_BLOCK_CAPTURE_AUTORELEASING = YES;
				CLANG_WARN_BOOL_CONVERSION = YES;
				CLANG_WARN_COMMA = YES;
				CLANG_WARN_CONSTANT_CONVERSION = YES;
				CLANG_WARN_DEPRECATED_OBJC_IMPLEMENTATIONS = YES;
				CLANG_WARN_DIRECT_OBJC_ISA_USAGE = YES_ERROR;
				CLANG_WARN_DOCUMENTATION_COMMENTS = YES;
				CLANG_WARN_EMPTY_BODY = YES;
				CLANG_WARN_ENUM_CONVERSION = YES;
				CLANG_WARN_INFINITE_RECURSION = YES;
				CLANG_WARN_INT_CONVERSION = YES;
				CLANG_WARN_NON_LITERAL_NULL_CONVERSION = YES;
				CLANG_WARN_OBJC_IMPLICIT_RETAIN_SELF = YES;
				CLANG_WARN_OBJC_LITERAL_CONVERSION = YES;
				CLANG_WARN_OBJC_ROOT_CLASS = YES_ERROR;
				CLANG_WARN_QUOTED_INCLUDE_IN_FRAMEWORK_HEADER = YES;
				CLANG_WARN_RANGE_LOOP_ANALYSIS = YES;
				CLANG_WARN_STRICT_PROTOTYPES = YES;
				CLANG_WARN_SUSPICIOUS_MOVE = YES;
				CLANG_WARN_UNGUARDED_AVAILABILITY = YES_AGGRESSIVE;
				CLANG_WARN_UNREACHABLE_CODE = YES;
				CLANG_WARN__DUPLICATE_METHOD_MATCH = YES;
				COPY_PHASE_STRIP = NO;
				DEBUG_INFORMATION_FORMAT = "dwarf-with-dsym";
				ENABLE_NS_ASSERTIONS = NO;
				ENABLE_STRICT_OBJC_MSGSEND = YES;
				GCC_C_LANGUAGE_STANDARD = gnu11;
				GCC_NO_COMMON_BLOCKS = YES;
				GCC_WARN_64_TO_32_BIT_CONVERSION = YES;
				GCC_WARN_ABOUT_RETURN_TYPE = YES_ERROR;
				GCC_WARN_UNDECLARED_SELECTOR = YES;
				GCC_WARN_UNINITIALIZED_AUTOS = YES_AGGRESSIVE;
				GCC_WARN_UNUSED_FUNCTION = YES;
				GCC_WARN_UNUSED_VARIABLE = YES;
				IPHONEOS_DEPLOYMENT_TARGET = 15.4;
				MTL_ENABLE_DEBUG_INFO = NO;
				MTL_FAST_MATH = YES;
				SDKROOT = iphoneos;
				SWIFT_COMPILATION_MODE = wholemodule;
				SWIFT_OPTIMIZATION_LEVEL = "-O";
				VALIDATE_PRODUCT = YES;
			};
			name = Release;
		};
		714C5BA228A0B6EA00D0DD57 /* Debug */ = {
			isa = XCBuildConfiguration;
			baseConfigurationReference = B12B096490B3DBB935D0A0C8 /* Pods-NewsApp.debug.xcconfig */;
			buildSettings = {
				ASSETCATALOG_COMPILER_APPICON_NAME = AppIcon;
				ASSETCATALOG_COMPILER_GLOBAL_ACCENT_COLOR_NAME = AccentColor;
				CODE_SIGN_STYLE = Automatic;
				CURRENT_PROJECT_VERSION = 1;
				GENERATE_INFOPLIST_FILE = YES;
				INFOPLIST_FILE = NewsApp/Info.plist;
				INFOPLIST_KEY_UIApplicationSupportsIndirectInputEvents = YES;
				INFOPLIST_KEY_UILaunchStoryboardName = LaunchScreen;
				INFOPLIST_KEY_UIMainStoryboardFile = Main;
				INFOPLIST_KEY_UISupportedInterfaceOrientations = UIInterfaceOrientationPortrait;
				INFOPLIST_KEY_UISupportedInterfaceOrientations_iPad = "UIInterfaceOrientationPortrait UIInterfaceOrientationPortraitUpsideDown UIInterfaceOrientationLandscapeLeft UIInterfaceOrientationLandscapeRight";
				INFOPLIST_KEY_UISupportedInterfaceOrientations_iPhone = "UIInterfaceOrientationPortrait UIInterfaceOrientationLandscapeLeft UIInterfaceOrientationLandscapeRight";
				LD_RUNPATH_SEARCH_PATHS = (
					"$(inherited)",
					"@executable_path/Frameworks",
				);
				MARKETING_VERSION = 1.0;
				PRODUCT_BUNDLE_IDENTIFIER = com.Madawi.NewsApp;
				PRODUCT_NAME = "$(TARGET_NAME)";
				SWIFT_EMIT_LOC_STRINGS = YES;
				SWIFT_VERSION = 5.0;
				TARGETED_DEVICE_FAMILY = "1,2";
			};
			name = Debug;
		};
		714C5BA328A0B6EA00D0DD57 /* Release */ = {
			isa = XCBuildConfiguration;
			baseConfigurationReference = F14305487B23304F01D3A1E5 /* Pods-NewsApp.release.xcconfig */;
			buildSettings = {
				ASSETCATALOG_COMPILER_APPICON_NAME = AppIcon;
				ASSETCATALOG_COMPILER_GLOBAL_ACCENT_COLOR_NAME = AccentColor;
				CODE_SIGN_STYLE = Automatic;
				CURRENT_PROJECT_VERSION = 1;
				GENERATE_INFOPLIST_FILE = YES;
				INFOPLIST_FILE = NewsApp/Info.plist;
				INFOPLIST_KEY_UIApplicationSupportsIndirectInputEvents = YES;
				INFOPLIST_KEY_UILaunchStoryboardName = LaunchScreen;
				INFOPLIST_KEY_UIMainStoryboardFile = Main;
				INFOPLIST_KEY_UISupportedInterfaceOrientations = UIInterfaceOrientationPortrait;
				INFOPLIST_KEY_UISupportedInterfaceOrientations_iPad = "UIInterfaceOrientationPortrait UIInterfaceOrientationPortraitUpsideDown UIInterfaceOrientationLandscapeLeft UIInterfaceOrientationLandscapeRight";
				INFOPLIST_KEY_UISupportedInterfaceOrientations_iPhone = "UIInterfaceOrientationPortrait UIInterfaceOrientationLandscapeLeft UIInterfaceOrientationLandscapeRight";
				LD_RUNPATH_SEARCH_PATHS = (
					"$(inherited)",
					"@executable_path/Frameworks",
				);
				MARKETING_VERSION = 1.0;
				PRODUCT_BUNDLE_IDENTIFIER = com.Madawi.NewsApp;
				PRODUCT_NAME = "$(TARGET_NAME)";
				SWIFT_EMIT_LOC_STRINGS = YES;
				SWIFT_VERSION = 5.0;
				TARGETED_DEVICE_FAMILY = "1,2";
			};
			name = Release;
		};
/* End XCBuildConfiguration section */

/* Begin XCConfigurationList section */
		714C5B8828A0B6E500D0DD57 /* Build configuration list for PBXProject "NewsApp" */ = {
			isa = XCConfigurationList;
			buildConfigurations = (
				714C5B9F28A0B6EA00D0DD57 /* Debug */,
				714C5BA028A0B6EA00D0DD57 /* Release */,
			);
			defaultConfigurationIsVisible = 0;
			defaultConfigurationName = Release;
		};
		714C5BA128A0B6EA00D0DD57 /* Build configuration list for PBXNativeTarget "NewsApp" */ = {
			isa = XCConfigurationList;
			buildConfigurations = (
				714C5BA228A0B6EA00D0DD57 /* Debug */,
				714C5BA328A0B6EA00D0DD57 /* Release */,
			);
			defaultConfigurationIsVisible = 0;
			defaultConfigurationName = Release;
		};
/* End XCConfigurationList section */
	};
	rootObject = 714C5B8528A0B6E500D0DD57 /* Project object */;
}
